
Microsoft Visual Studio Solution File, Format Version 12.00
# Visual Studio Version 16
VisualStudioVersion = 16.0.29215.179
MinimumVisualStudioVersion = 10.0.40219.1
Project("{FAE04EC0-301F-11D3-BF4B-00C04F79EFBC}") = "IronBug.Context", "IronBug.Context\IronBug.Context.csproj", "{00DDB3B5-69F3-4229-A69A-9B47AE386A11}"
EndProject
Project("{FAE04EC0-301F-11D3-BF4B-00C04F79EFBC}") = "IronBug.Pagination", "IronBug.Pagination\IronBug.Pagination.csproj", "{3CC20403-A4EB-4257-8DDB-E90F4947D218}"
EndProject
Project("{FAE04EC0-301F-11D3-BF4B-00C04F79EFBC}") = "IronBug.Helpers", "IronBug.Helpers\IronBug.Helpers.csproj", "{79A9CD26-A3E9-4985-A92A-782A0BE026D2}"
EndProject
Project("{FAE04EC0-301F-11D3-BF4B-00C04F79EFBC}") = "IronBug.Web", "IronBug.Web\IronBug.Web.csproj", "{BA782DB1-8F04-4836-A951-D0D0F5D1334F}"
EndProject
Project("{FAE04EC0-301F-11D3-BF4B-00C04F79EFBC}") = "IronBug.DomainValidation", "IronBug.DomainValidation\IronBug.DomainValidation.csproj", "{324ACE96-D752-4C1E-9217-7E6879124A8C}"
EndProject
Project("{FAE04EC0-301F-11D3-BF4B-00C04F79EFBC}") = "IronBug.Security", "IronBug.Security\IronBug.Security.csproj", "{25A87B15-3831-4265-8917-6B4FD3489966}"
EndProject
Project("{FAE04EC0-301F-11D3-BF4B-00C04F79EFBC}") = "IronBug.Mappers", "IronBug.Mappers\IronBug.Mappers.csproj", "{10530254-C636-4B3B-95EB-9FD01F67F717}"
EndProject
Project("{FAE04EC0-301F-11D3-BF4B-00C04F79EFBC}") = "IronBug.Injection", "IronBug.Injection\IronBug.Injection.csproj", "{2B977D32-F7BB-42C8-924C-8B4A64BE7B03}"
EndProject
Project("{FAE04EC0-301F-11D3-BF4B-00C04F79EFBC}") = "IronBug.WebApi", "IronBug.WebApi\IronBug.WebApi.csproj", "{BBB5A96C-6502-4A7E-9463-09E21682C2BD}"
EndProject
Global
	GlobalSection(SolutionConfigurationPlatforms) = preSolution
		Debug|Any CPU = Debug|Any CPU
		Release|Any CPU = Release|Any CPU
	EndGlobalSection
	GlobalSection(ProjectConfigurationPlatforms) = postSolution
		{00DDB3B5-69F3-4229-A69A-9B47AE386A11}.Debug|Any CPU.ActiveCfg = Debug|Any CPU
		{00DDB3B5-69F3-4229-A69A-9B47AE386A11}.Debug|Any CPU.Build.0 = Debug|Any CPU
		{00DDB3B5-69F3-4229-A69A-9B47AE386A11}.Release|Any CPU.ActiveCfg = Release|Any CPU
		{00DDB3B5-69F3-4229-A69A-9B47AE386A11}.Release|Any CPU.Build.0 = Release|Any CPU
		{3CC20403-A4EB-4257-8DDB-E90F4947D218}.Debug|Any CPU.ActiveCfg = Debug|Any CPU
		{3CC20403-A4EB-4257-8DDB-E90F4947D218}.Debug|Any CPU.Build.0 = Debug|Any CPU
		{3CC20403-A4EB-4257-8DDB-E90F4947D218}.Release|Any CPU.ActiveCfg = Release|Any CPU
		{3CC20403-A4EB-4257-8DDB-E90F4947D218}.Release|Any CPU.Build.0 = Release|Any CPU
		{79A9CD26-A3E9-4985-A92A-782A0BE026D2}.Debug|Any CPU.ActiveCfg = Debug|Any CPU
		{79A9CD26-A3E9-4985-A92A-782A0BE026D2}.Debug|Any CPU.Build.0 = Debug|Any CPU
		{79A9CD26-A3E9-4985-A92A-782A0BE026D2}.Release|Any CPU.ActiveCfg = Release|Any CPU
		{79A9CD26-A3E9-4985-A92A-782A0BE026D2}.Release|Any CPU.Build.0 = Release|Any CPU
		{BA782DB1-8F04-4836-A951-D0D0F5D1334F}.Debug|Any CPU.ActiveCfg = Debug|Any CPU
		{BA782DB1-8F04-4836-A951-D0D0F5D1334F}.Debug|Any CPU.Build.0 = Debug|Any CPU
		{BA782DB1-8F04-4836-A951-D0D0F5D1334F}.Release|Any CPU.ActiveCfg = Release|Any CPU
		{BA782DB1-8F04-4836-A951-D0D0F5D1334F}.Release|Any CPU.Build.0 = Release|Any CPU
		{324ACE96-D752-4C1E-9217-7E6879124A8C}.Debug|Any CPU.ActiveCfg = Debug|Any CPU
		{324ACE96-D752-4C1E-9217-7E6879124A8C}.Debug|Any CPU.Build.0 = Debug|Any CPU
		{324ACE96-D752-4C1E-9217-7E6879124A8C}.Release|Any CPU.ActiveCfg = Release|Any CPU
		{324ACE96-D752-4C1E-9217-7E6879124A8C}.Release|Any CPU.Build.0 = Release|Any CPU
		{25A87B15-3831-4265-8917-6B4FD3489966}.Debug|Any CPU.ActiveCfg = Debug|Any CPU
		{25A87B15-3831-4265-8917-6B4FD3489966}.Debug|Any CPU.Build.0 = Debug|Any CPU
		{25A87B15-3831-4265-8917-6B4FD3489966}.Release|Any CPU.ActiveCfg = Release|Any CPU
		{25A87B15-3831-4265-8917-6B4FD3489966}.Release|Any CPU.Build.0 = Release|Any CPU
		{10530254-C636-4B3B-95EB-9FD01F67F717}.Debug|Any CPU.ActiveCfg = Debug|Any CPU
		{10530254-C636-4B3B-95EB-9FD01F67F717}.Debug|Any CPU.Build.0 = Debug|Any CPU
		{10530254-C636-4B3B-95EB-9FD01F67F717}.Release|Any CPU.ActiveCfg = Release|Any CPU
		{10530254-C636-4B3B-95EB-9FD01F67F717}.Release|Any CPU.Build.0 = Release|Any CPU
		{2B977D32-F7BB-42C8-924C-8B4A64BE7B03}.Debug|Any CPU.ActiveCfg = Debug|Any CPU
		{2B977D32-F7BB-42C8-924C-8B4A64BE7B03}.Debug|Any CPU.Build.0 = Debug|Any CPU
		{2B977D32-F7BB-42C8-924C-8B4A64BE7B03}.Release|Any CPU.ActiveCfg = Release|Any CPU
		{2B977D32-F7BB-42C8-924C-8B4A64BE7B03}.Release|Any CPU.Build.0 = Release|Any CPU
		{BBB5A96C-6502-4A7E-9463-09E21682C2BD}.Debug|Any CPU.ActiveCfg = Debug|Any CPU
		{BBB5A96C-6502-4A7E-9463-09E21682C2BD}.Debug|Any CPU.Build.0 = Debug|Any CPU
		{BBB5A96C-6502-4A7E-9463-09E21682C2BD}.Release|Any CPU.ActiveCfg = Release|Any CPU
		{BBB5A96C-6502-4A7E-9463-09E21682C2BD}.Release|Any CPU.Build.0 = Release|Any CPU
	EndGlobalSection
	GlobalSection(SolutionProperties) = preSolution
		HideSolutionNode = FALSE
	EndGlobalSection
	GlobalSection(ExtensibilityGlobals) = postSolution
		SolutionGuid = {250F346C-7325-46F3-BC1A-53A31C3ED080}
	EndGlobalSection
EndGlobal
