
Microsoft Visual Studio Solution File, Format Version 12.00
# Visual Studio Version 17
VisualStudioVersion = 17.1.32407.343
MinimumVisualStudioVersion = 10.0.40219.1
Project("{FAE04EC0-301F-11D3-BF4B-00C04F79EFBC}") = "IronBug.Context", "IronBug.Context\IronBug.Context.csproj", "{00DDB3B5-69F3-4229-A69A-9B47AE386A11}"
EndProject
Project("{FAE04EC0-301F-11D3-BF4B-00C04F79EFBC}") = "IronBug.Pagination", "IronBug.Pagination\IronBug.Pagination.csproj", "{3CC20403-A4EB-4257-8DDB-E90F4947D218}"
EndProject
Project("{FAE04EC0-301F-11D3-BF4B-00C04F79EFBC}") = "IronBug.Helpers", "IronBug.Helpers\IronBug.Helpers.csproj", "{79A9CD26-A3E9-4985-A92A-782A0BE026D2}"
EndProject
Project("{FAE04EC0-301F-11D3-BF4B-00C04F79EFBC}") = "IronBug.Web", "IronBug.Web\IronBug.Web.csproj", "{BA782DB1-8F04-4836-A951-D0D0F5D1334F}"
EndProject
Project("{FAE04EC0-301F-11D3-BF4B-00C04F79EFBC}") = "IronBug.DomainValidation", "IronBug.DomainValidation\IronBug.DomainValidation.csproj", "{324ACE96-D752-4C1E-9217-7E6879124A8C}"
EndProject
Project("{FAE04EC0-301F-11D3-BF4B-00C04F79EFBC}") = "IronBug.Security", "IronBug.Security\IronBug.Security.csproj", "{25A87B15-3831-4265-8917-6B4FD3489966}"
EndProject
Project("{FAE04EC0-301F-11D3-BF4B-00C04F79EFBC}") = "IronBug.Mappers", "IronBug.Mappers\IronBug.Mappers.csproj", "{10530254-C636-4B3B-95EB-9FD01F67F717}"
EndProject
Project("{FAE04EC0-301F-11D3-BF4B-00C04F79EFBC}") = "IronBug.Injection", "IronBug.Injection\IronBug.Injection.csproj", "{2B977D32-F7BB-42C8-924C-8B4A64BE7B03}"
EndProject
Project("{FAE04EC0-301F-11D3-BF4B-00C04F79EFBC}") = "IronBug.WebApi", "IronBug.WebApi\IronBug.WebApi.csproj", "{BBB5A96C-6502-4A7E-9463-09E21682C2BD}"
EndProject
Project("{D954291E-2A0B-460D-934E-DC6B0785DB48}") = "IronBug.Pagination.Shared", "IronBug.Pagination.Shared\IronBug.Pagination.Shared.shproj", "{942AB5AC-BC1D-4D43-B409-6622F6C4DBAA}"
EndProject
Project("{9A19103F-16F7-4668-BE54-9A1E7A4F7556}") = "IronBug.Pagination.Portable", "IronBug.Pagination.Portable\IronBug.Pagination.Portable.csproj", "{755A522F-2C91-42EB-A952-36B4E26D2452}"
EndProject
Project("{9A19103F-16F7-4668-BE54-9A1E7A4F7556}") = "IronBug.Web.Portable", "IronBug.Web.Portable\IronBug.Web.Portable.csproj", "{3B983CC2-672F-4E08-9F92-D5FF079AB096}"
EndProject
Project("{D954291E-2A0B-460D-934E-DC6B0785DB48}") = "IronBug.Helpers.Shared", "IronBug.Helpers.Shared\IronBug.Helpers.Shared.shproj", "{3CEE0746-689F-4F46-9945-BF0AE19454B7}"
EndProject
Project("{9A19103F-16F7-4668-BE54-9A1E7A4F7556}") = "IronBug.Helpers.Portable", "IronBug.Helpers.Portable\IronBug.Helpers.Portable.csproj", "{F8A34167-5A98-45CE-9CBE-3C95B34D7B45}"
EndProject
Project("{9A19103F-16F7-4668-BE54-9A1E7A4F7556}") = "IronBug.Context.Portable", "IronBug.Context.Portable\IronBug.Context.Portable.csproj", "{D7EE8477-1F61-4C78-B35A-70929056A52E}"
EndProject
Project("{FAE04EC0-301F-11D3-BF4B-00C04F79EFBC}") = "IronBug.Mail", "IronBug.Mail\IronBug.Mail.csproj", "{B94DEE94-EB57-459C-9E48-44E2156E7E45}"
EndProject
Project("{FAE04EC0-301F-11D3-BF4B-00C04F79EFBC}") = "IronBugCore.Security", "IronBugCore.Security\IronBugCore.Security.csproj", "{46CDBE2E-4DD2-477B-A365-0BF7A2C2F244}"
EndProject
Project("{FAE04EC0-301F-11D3-BF4B-00C04F79EFBC}") = "IronBugCore.Web", "IronBugCore.Web\IronBugCore.Web.csproj", "{228154C6-1453-406B-BDDD-79254A57AC8B}"
EndProject
Global
	GlobalSection(SharedMSBuildProjectFiles) = preSolution
		IronBug.Pagination.Shared\IronBug.Pagination.Shared.projitems*{3cc20403-a4eb-4257-8ddb-e90f4947d218}*SharedItemsImports = 4
		IronBug.Helpers.Shared\IronBug.Helpers.Shared.projitems*{3cee0746-689f-4f46-9945-bf0ae19454b7}*SharedItemsImports = 13
		IronBug.Pagination.Shared\IronBug.Pagination.Shared.projitems*{755a522f-2c91-42eb-a952-36b4e26d2452}*SharedItemsImports = 5
		IronBug.Helpers.Shared\IronBug.Helpers.Shared.projitems*{79a9cd26-a3e9-4985-a92a-782a0be026d2}*SharedItemsImports = 4
		IronBug.Pagination.Shared\IronBug.Pagination.Shared.projitems*{942ab5ac-bc1d-4d43-b409-6622f6c4dbaa}*SharedItemsImports = 13
		IronBug.Helpers.Shared\IronBug.Helpers.Shared.projitems*{f8a34167-5a98-45ce-9cbe-3c95b34d7b45}*SharedItemsImports = 5
	EndGlobalSection
	GlobalSection(SolutionConfigurationPlatforms) = preSolution
		Debug|Any CPU = Debug|Any CPU
		Release|Any CPU = Release|Any CPU
	EndGlobalSection
	GlobalSection(ProjectConfigurationPlatforms) = postSolution
		{00DDB3B5-69F3-4229-A69A-9B47AE386A11}.Debug|Any CPU.ActiveCfg = Debug|Any CPU
		{00DDB3B5-69F3-4229-A69A-9B47AE386A11}.Debug|Any CPU.Build.0 = Debug|Any CPU
		{00DDB3B5-69F3-4229-A69A-9B47AE386A11}.Release|Any CPU.ActiveCfg = Release|Any CPU
		{00DDB3B5-69F3-4229-A69A-9B47AE386A11}.Release|Any CPU.Build.0 = Release|Any CPU
		{3CC20403-A4EB-4257-8DDB-E90F4947D218}.Debug|Any CPU.ActiveCfg = Debug|Any CPU
		{3CC20403-A4EB-4257-8DDB-E90F4947D218}.Debug|Any CPU.Build.0 = Debug|Any CPU
		{3CC20403-A4EB-4257-8DDB-E90F4947D218}.Release|Any CPU.ActiveCfg = Release|Any CPU
		{3CC20403-A4EB-4257-8DDB-E90F4947D218}.Release|Any CPU.Build.0 = Release|Any CPU
		{79A9CD26-A3E9-4985-A92A-782A0BE026D2}.Debug|Any CPU.ActiveCfg = Debug|Any CPU
		{79A9CD26-A3E9-4985-A92A-782A0BE026D2}.Debug|Any CPU.Build.0 = Debug|Any CPU
		{79A9CD26-A3E9-4985-A92A-782A0BE026D2}.Release|Any CPU.ActiveCfg = Release|Any CPU
		{79A9CD26-A3E9-4985-A92A-782A0BE026D2}.Release|Any CPU.Build.0 = Release|Any CPU
		{BA782DB1-8F04-4836-A951-D0D0F5D1334F}.Debug|Any CPU.ActiveCfg = Debug|Any CPU
		{BA782DB1-8F04-4836-A951-D0D0F5D1334F}.Debug|Any CPU.Build.0 = Debug|Any CPU
		{BA782DB1-8F04-4836-A951-D0D0F5D1334F}.Release|Any CPU.ActiveCfg = Release|Any CPU
		{BA782DB1-8F04-4836-A951-D0D0F5D1334F}.Release|Any CPU.Build.0 = Release|Any CPU
		{324ACE96-D752-4C1E-9217-7E6879124A8C}.Debug|Any CPU.ActiveCfg = Debug|Any CPU
		{324ACE96-D752-4C1E-9217-7E6879124A8C}.Debug|Any CPU.Build.0 = Debug|Any CPU
		{324ACE96-D752-4C1E-9217-7E6879124A8C}.Release|Any CPU.ActiveCfg = Release|Any CPU
		{324ACE96-D752-4C1E-9217-7E6879124A8C}.Release|Any CPU.Build.0 = Release|Any CPU
		{25A87B15-3831-4265-8917-6B4FD3489966}.Debug|Any CPU.ActiveCfg = Debug|Any CPU
		{25A87B15-3831-4265-8917-6B4FD3489966}.Debug|Any CPU.Build.0 = Debug|Any CPU
		{25A87B15-3831-4265-8917-6B4FD3489966}.Release|Any CPU.ActiveCfg = Release|Any CPU
		{25A87B15-3831-4265-8917-6B4FD3489966}.Release|Any CPU.Build.0 = Release|Any CPU
		{10530254-C636-4B3B-95EB-9FD01F67F717}.Debug|Any CPU.ActiveCfg = Debug|Any CPU
		{10530254-C636-4B3B-95EB-9FD01F67F717}.Debug|Any CPU.Build.0 = Debug|Any CPU
		{10530254-C636-4B3B-95EB-9FD01F67F717}.Release|Any CPU.ActiveCfg = Release|Any CPU
		{10530254-C636-4B3B-95EB-9FD01F67F717}.Release|Any CPU.Build.0 = Release|Any CPU
		{2B977D32-F7BB-42C8-924C-8B4A64BE7B03}.Debug|Any CPU.ActiveCfg = Debug|Any CPU
		{2B977D32-F7BB-42C8-924C-8B4A64BE7B03}.Debug|Any CPU.Build.0 = Debug|Any CPU
		{2B977D32-F7BB-42C8-924C-8B4A64BE7B03}.Release|Any CPU.ActiveCfg = Release|Any CPU
		{2B977D32-F7BB-42C8-924C-8B4A64BE7B03}.Release|Any CPU.Build.0 = Release|Any CPU
		{BBB5A96C-6502-4A7E-9463-09E21682C2BD}.Debug|Any CPU.ActiveCfg = Debug|Any CPU
		{BBB5A96C-6502-4A7E-9463-09E21682C2BD}.Debug|Any CPU.Build.0 = Debug|Any CPU
		{BBB5A96C-6502-4A7E-9463-09E21682C2BD}.Release|Any CPU.ActiveCfg = Release|Any CPU
		{BBB5A96C-6502-4A7E-9463-09E21682C2BD}.Release|Any CPU.Build.0 = Release|Any CPU
		{755A522F-2C91-42EB-A952-36B4E26D2452}.Debug|Any CPU.ActiveCfg = Debug|Any CPU
		{755A522F-2C91-42EB-A952-36B4E26D2452}.Debug|Any CPU.Build.0 = Debug|Any CPU
		{755A522F-2C91-42EB-A952-36B4E26D2452}.Release|Any CPU.ActiveCfg = Release|Any CPU
		{755A522F-2C91-42EB-A952-36B4E26D2452}.Release|Any CPU.Build.0 = Release|Any CPU
		{3B983CC2-672F-4E08-9F92-D5FF079AB096}.Debug|Any CPU.ActiveCfg = Debug|Any CPU
		{3B983CC2-672F-4E08-9F92-D5FF079AB096}.Debug|Any CPU.Build.0 = Debug|Any CPU
		{3B983CC2-672F-4E08-9F92-D5FF079AB096}.Release|Any CPU.ActiveCfg = Release|Any CPU
		{3B983CC2-672F-4E08-9F92-D5FF079AB096}.Release|Any CPU.Build.0 = Release|Any CPU
		{F8A34167-5A98-45CE-9CBE-3C95B34D7B45}.Debug|Any CPU.ActiveCfg = Debug|Any CPU
		{F8A34167-5A98-45CE-9CBE-3C95B34D7B45}.Debug|Any CPU.Build.0 = Debug|Any CPU
		{F8A34167-5A98-45CE-9CBE-3C95B34D7B45}.Release|Any CPU.ActiveCfg = Release|Any CPU
		{F8A34167-5A98-45CE-9CBE-3C95B34D7B45}.Release|Any CPU.Build.0 = Release|Any CPU
		{D7EE8477-1F61-4C78-B35A-70929056A52E}.Debug|Any CPU.ActiveCfg = Debug|Any CPU
		{D7EE8477-1F61-4C78-B35A-70929056A52E}.Debug|Any CPU.Build.0 = Debug|Any CPU
		{D7EE8477-1F61-4C78-B35A-70929056A52E}.Release|Any CPU.ActiveCfg = Release|Any CPU
		{D7EE8477-1F61-4C78-B35A-70929056A52E}.Release|Any CPU.Build.0 = Release|Any CPU
		{B94DEE94-EB57-459C-9E48-44E2156E7E45}.Debug|Any CPU.ActiveCfg = Debug|Any CPU
		{B94DEE94-EB57-459C-9E48-44E2156E7E45}.Debug|Any CPU.Build.0 = Debug|Any CPU
		{B94DEE94-EB57-459C-9E48-44E2156E7E45}.Release|Any CPU.ActiveCfg = Release|Any CPU
		{B94DEE94-EB57-459C-9E48-44E2156E7E45}.Release|Any CPU.Build.0 = Release|Any CPU
		{46CDBE2E-4DD2-477B-A365-0BF7A2C2F244}.Debug|Any CPU.ActiveCfg = Debug|Any CPU
		{46CDBE2E-4DD2-477B-A365-0BF7A2C2F244}.Debug|Any CPU.Build.0 = Debug|Any CPU
		{46CDBE2E-4DD2-477B-A365-0BF7A2C2F244}.Release|Any CPU.ActiveCfg = Release|Any CPU
		{46CDBE2E-4DD2-477B-A365-0BF7A2C2F244}.Release|Any CPU.Build.0 = Release|Any CPU
		{228154C6-1453-406B-BDDD-79254A57AC8B}.Debug|Any CPU.ActiveCfg = Debug|Any CPU
		{228154C6-1453-406B-BDDD-79254A57AC8B}.Debug|Any CPU.Build.0 = Debug|Any CPU
		{228154C6-1453-406B-BDDD-79254A57AC8B}.Release|Any CPU.ActiveCfg = Release|Any CPU
		{228154C6-1453-406B-BDDD-79254A57AC8B}.Release|Any CPU.Build.0 = Release|Any CPU
	EndGlobalSection
	GlobalSection(SolutionProperties) = preSolution
		HideSolutionNode = FALSE
	EndGlobalSection
	GlobalSection(ExtensibilityGlobals) = postSolution
		SolutionGuid = {250F346C-7325-46F3-BC1A-53A31C3ED080}
	EndGlobalSection
EndGlobal
