<Solution>
  <Project Path="IronbugCore.Common/IronbugCore.Common.csproj" />
  <Project Path="IronbugCore.Helpers/IronbugCore.Helpers.csproj" />
  <Project Path="IronbugCore.Pagination/IronbugCore.Pagination.csproj" />
  <Project Path="IronbugCore.Security/IronbugCore.Security.csproj" />
  <Project Path="IronbugCore.Web/IronbugCore.Web.csproj" />
</Solution>
